// !$*UTF8*$!
{
	archiveVersion = 1;
	classes = {
	};
	objectVersion = 46;
	objects = {

/* Begin PBXBuildFile section */
		180416421F35AFE80031ED70 /* AppDelegate.swift in Sources */ = {isa = PBXBuildFile; fileRef = 180416411F35AFE80031ED70 /* AppDelegate.swift */; };
		180416471F35AFE80031ED70 /* Main.storyboard in Resources */ = {isa = PBXBuildFile; fileRef = 180416451F35AFE80031ED70 /* Main.storyboard */; };
		180416491F35AFE80031ED70 /* Assets.xcassets in Resources */ = {isa = PBXBuildFile; fileRef = 180416481F35AFE80031ED70 /* Assets.xcassets */; };
		1804164C1F35AFE80031ED70 /* LaunchScreen.storyboard in Resources */ = {isa = PBXBuildFile; fileRef = 1804164A1F35AFE80031ED70 /* LaunchScreen.storyboard */; };
		182267791F371DB6001D2FE6 /* MainViewController.swift in Sources */ = {isa = PBXBuildFile; fileRef = 182267781F371DB6001D2FE6 /* MainViewController.swift */; };
		1822677B1F372230001D2FE6 /* KazAtomCollectionViewController.swift in Sources */ = {isa = PBXBuildFile; fileRef = 1822677A1F372230001D2FE6 /* KazAtomCollectionViewController.swift */; };
		1822677D1F373198001D2FE6 /* KazAtomExtension.swift in Sources */ = {isa = PBXBuildFile; fileRef = 1822677C1F373198001D2FE6 /* KazAtomExtension.swift */; };
		1822677F1F37346E001D2FE6 /* Extensions.swift in Sources */ = {isa = PBXBuildFile; fileRef = 1822677E1F37346E001D2FE6 /* Extensions.swift */; };
		182267831F3739DC001D2FE6 /* IndicatorCollectionViewCell.swift in Sources */ = {isa = PBXBuildFile; fileRef = 182267821F3739DC001D2FE6 /* IndicatorCollectionViewCell.swift */; };
		182267851F3739E8001D2FE6 /* GroupCollectionViewCell.swift in Sources */ = {isa = PBXBuildFile; fileRef = 182267841F3739E8001D2FE6 /* GroupCollectionViewCell.swift */; };
		182267871F3741F5001D2FE6 /* Indicator.swift in Sources */ = {isa = PBXBuildFile; fileRef = 182267861F3741F5001D2FE6 /* Indicator.swift */; };
		182267891F374BEC001D2FE6 /* Group.swift in Sources */ = {isa = PBXBuildFile; fileRef = 182267881F374BEC001D2FE6 /* Group.swift */; };
		1822678C1F375132001D2FE6 /* Company.swift in Sources */ = {isa = PBXBuildFile; fileRef = 1822678B1F375132001D2FE6 /* Company.swift */; };
/* End PBXBuildFile section */

/* Begin PBXFileReference section */
		1804163E1F35AFE80031ED70 /* kazatom.app */ = {isa = PBXFileReference; explicitFileType = wrapper.application; includeInIndex = 0; path = kazatom.app; sourceTree = BUILT_PRODUCTS_DIR; };
		180416411F35AFE80031ED70 /* AppDelegate.swift */ = {isa = PBXFileReference; lastKnownFileType = sourcecode.swift; path = AppDelegate.swift; sourceTree = "<group>"; };
		180416461F35AFE80031ED70 /* Base */ = {isa = PBXFileReference; lastKnownFileType = file.storyboard; name = Base; path = Base.lproj/Main.storyboard; sourceTree = "<group>"; };
		180416481F35AFE80031ED70 /* Assets.xcassets */ = {isa = PBXFileReference; lastKnownFileType = folder.assetcatalog; path = Assets.xcassets; sourceTree = "<group>"; };
		1804164B1F35AFE80031ED70 /* Base */ = {isa = PBXFileReference; lastKnownFileType = file.storyboard; name = Base; path = Base.lproj/LaunchScreen.storyboard; sourceTree = "<group>"; };
		1804164D1F35AFE80031ED70 /* Info.plist */ = {isa = PBXFileReference; lastKnownFileType = text.plist.xml; path = Info.plist; sourceTree = "<group>"; };
		182267781F371DB6001D2FE6 /* MainViewController.swift */ = {isa = PBXFileReference; fileEncoding = 4; lastKnownFileType = sourcecode.swift; path = MainViewController.swift; sourceTree = "<group>"; };
		1822677A1F372230001D2FE6 /* KazAtomCollectionViewController.swift */ = {isa = PBXFileReference; fileEncoding = 4; lastKnownFileType = sourcecode.swift; path = KazAtomCollectionViewController.swift; sourceTree = "<group>"; };
		1822677C1F373198001D2FE6 /* KazAtomExtension.swift */ = {isa = PBXFileReference; fileEncoding = 4; lastKnownFileType = sourcecode.swift; path = KazAtomExtension.swift; sourceTree = "<group>"; };
		1822677E1F37346E001D2FE6 /* Extensions.swift */ = {isa = PBXFileReference; fileEncoding = 4; lastKnownFileType = sourcecode.swift; path = Extensions.swift; sourceTree = "<group>"; };
		182267821F3739DC001D2FE6 /* IndicatorCollectionViewCell.swift */ = {isa = PBXFileReference; fileEncoding = 4; lastKnownFileType = sourcecode.swift; path = IndicatorCollectionViewCell.swift; sourceTree = "<group>"; };
		182267841F3739E8001D2FE6 /* GroupCollectionViewCell.swift */ = {isa = PBXFileReference; fileEncoding = 4; lastKnownFileType = sourcecode.swift; path = GroupCollectionViewCell.swift; sourceTree = "<group>"; };
		182267861F3741F5001D2FE6 /* Indicator.swift */ = {isa = PBXFileReference; fileEncoding = 4; lastKnownFileType = sourcecode.swift; path = Indicator.swift; sourceTree = "<group>"; };
		182267881F374BEC001D2FE6 /* Group.swift */ = {isa = PBXFileReference; fileEncoding = 4; lastKnownFileType = sourcecode.swift; path = Group.swift; sourceTree = "<group>"; };
		1822678B1F375132001D2FE6 /* Company.swift */ = {isa = PBXFileReference; fileEncoding = 4; lastKnownFileType = sourcecode.swift; path = Company.swift; sourceTree = "<group>"; };
/* End PBXFileReference section */

/* Begin PBXFrameworksBuildPhase section */
		1804163B1F35AFE80031ED70 /* Frameworks */ = {
			isa = PBXFrameworksBuildPhase;
			buildActionMask = 2147483647;
			files = (
			);
			runOnlyForDeploymentPostprocessing = 0;
		};
/* End PBXFrameworksBuildPhase section */

/* Begin PBXGroup section */
		180416351F35AFE70031ED70 = {
			isa = PBXGroup;
			children = (
				180416401F35AFE80031ED70 /* kazatom */,
				1804163F1F35AFE80031ED70 /* Products */,
			);
			sourceTree = "<group>";
		};
		1804163F1F35AFE80031ED70 /* Products */ = {
			isa = PBXGroup;
			children = (
				1804163E1F35AFE80031ED70 /* kazatom.app */,
			);
			name = Products;
			sourceTree = "<group>";
		};
		180416401F35AFE80031ED70 /* kazatom */ = {
			isa = PBXGroup;
			children = (
				180416411F35AFE80031ED70 /* AppDelegate.swift */,
				180416591F35C1BF0031ED70 /* MainScreen */,
				1804165A1F35C1CB0031ED70 /* KazAtom */,
				1822678A1F375113001D2FE6 /* Профильные Компании */,
				182267811F373866001D2FE6 /* Model */,
				180416451F35AFE80031ED70 /* Main.storyboard */,
				180416481F35AFE80031ED70 /* Assets.xcassets */,
				182267801F37347B001D2FE6 /* Utils */,
				1804164A1F35AFE80031ED70 /* LaunchScreen.storyboard */,
				1804164D1F35AFE80031ED70 /* Info.plist */,
			);
			path = kazatom;
			sourceTree = "<group>";
		};
		180416591F35C1BF0031ED70 /* MainScreen */ = {
			isa = PBXGroup;
			children = (
				182267781F371DB6001D2FE6 /* MainViewController.swift */,
			);
			name = MainScreen;
			sourceTree = "<group>";
		};
		1804165A1F35C1CB0031ED70 /* KazAtom */ = {
			isa = PBXGroup;
			children = (
				1822677A1F372230001D2FE6 /* KazAtomCollectionViewController.swift */,
				1822677C1F373198001D2FE6 /* KazAtomExtension.swift */,
				182267821F3739DC001D2FE6 /* IndicatorCollectionViewCell.swift */,
				182267841F3739E8001D2FE6 /* GroupCollectionViewCell.swift */,
			);
			name = KazAtom;
			sourceTree = "<group>";
		};
		182267801F37347B001D2FE6 /* Utils */ = {
			isa = PBXGroup;
			children = (
				1822677E1F37346E001D2FE6 /* Extensions.swift */,
			);
			name = Utils;
			sourceTree = "<group>";
		};
		182267811F373866001D2FE6 /* Model */ = {
			isa = PBXGroup;
			children = (
				182267861F3741F5001D2FE6 /* Indicator.swift */,
				182267881F374BEC001D2FE6 /* Group.swift */,
				1822678B1F375132001D2FE6 /* Company.swift */,
			);
			name = Model;
			sourceTree = "<group>";
		};
		1822678A1F375113001D2FE6 /* Профильные Компании */ = {
			isa = PBXGroup;
			children = (
			);
			name = "Профильные Компании";
			sourceTree = "<group>";
		};
/* End PBXGroup section */

/* Begin PBXNativeTarget section */
		1804163D1F35AFE80031ED70 /* kazatom */ = {
			isa = PBXNativeTarget;
			buildConfigurationList = 180416501F35AFE80031ED70 /* Build configuration list for PBXNativeTarget "kazatom" */;
			buildPhases = (
				1804163A1F35AFE80031ED70 /* Sources */,
				1804163B1F35AFE80031ED70 /* Frameworks */,
				1804163C1F35AFE80031ED70 /* Resources */,
			);
			buildRules = (
			);
			dependencies = (
			);
			name = kazatom;
			productName = kazatom;
			productReference = 1804163E1F35AFE80031ED70 /* kazatom.app */;
			productType = "com.apple.product-type.application";
		};
/* End PBXNativeTarget section */

/* Begin PBXProject section */
		180416361F35AFE70031ED70 /* Project object */ = {
			isa = PBXProject;
			attributes = {
				LastSwiftUpdateCheck = 0830;
				LastUpgradeCheck = 0830;
				ORGANIZATIONNAME = "Ilyar Mnazhdin";
				TargetAttributes = {
					1804163D1F35AFE80031ED70 = {
						CreatedOnToolsVersion = 8.3.3;
						DevelopmentTeam = S4325F4YCU;
						ProvisioningStyle = Automatic;
					};
				};
			};
			buildConfigurationList = 180416391F35AFE70031ED70 /* Build configuration list for PBXProject "kazatom" */;
			compatibilityVersion = "Xcode 3.2";
			developmentRegion = English;
			hasScannedForEncodings = 0;
			knownRegions = (
				en,
				Base,
			);
			mainGroup = 180416351F35AFE70031ED70;
			productRefGroup = 1804163F1F35AFE80031ED70 /* Products */;
			projectDirPath = "";
			projectRoot = "";
			targets = (
				1804163D1F35AFE80031ED70 /* kazatom */,
			);
		};
/* End PBXProject section */

/* Begin PBXResourcesBuildPhase section */
		1804163C1F35AFE80031ED70 /* Resources */ = {
			isa = PBXResourcesBuildPhase;
			buildActionMask = 2147483647;
			files = (
				1804164C1F35AFE80031ED70 /* LaunchScreen.storyboard in Resources */,
				180416491F35AFE80031ED70 /* Assets.xcassets in Resources */,
				180416471F35AFE80031ED70 /* Main.storyboard in Resources */,
			);
			runOnlyForDeploymentPostprocessing = 0;
		};
/* End PBXResourcesBuildPhase section */

/* Begin PBXSourcesBuildPhase section */
		1804163A1F35AFE80031ED70 /* Sources */ = {
			isa = PBXSourcesBuildPhase;
			buildActionMask = 2147483647;
			files = (
				182267891F374BEC001D2FE6 /* Group.swift in Sources */,
				182267831F3739DC001D2FE6 /* IndicatorCollectionViewCell.swift in Sources */,
				182267851F3739E8001D2FE6 /* GroupCollectionViewCell.swift in Sources */,
				1822678C1F375132001D2FE6 /* Company.swift in Sources */,
				1822677F1F37346E001D2FE6 /* Extensions.swift in Sources */,
				1822677B1F372230001D2FE6 /* KazAtomCollectionViewController.swift in Sources */,
				1822677D1F373198001D2FE6 /* KazAtomExtension.swift in Sources */,
				180416421F35AFE80031ED70 /* AppDelegate.swift in Sources */,
				182267791F371DB6001D2FE6 /* MainViewController.swift in Sources */,
				182267871F3741F5001D2FE6 /* Indicator.swift in Sources */,
			);
			runOnlyForDeploymentPostprocessing = 0;
		};
/* End PBXSourcesBuildPhase section */

/* Begin PBXVariantGroup section */
		180416451F35AFE80031ED70 /* Main.storyboard */ = {
			isa = PBXVariantGroup;
			children = (
				180416461F35AFE80031ED70 /* Base */,
			);
			name = Main.storyboard;
			sourceTree = "<group>";
		};
		1804164A1F35AFE80031ED70 /* LaunchScreen.storyboard */ = {
			isa = PBXVariantGroup;
			children = (
				1804164B1F35AFE80031ED70 /* Base */,
			);
			name = LaunchScreen.storyboard;
			sourceTree = "<group>";
		};
/* End PBXVariantGroup section */

/* Begin XCBuildConfiguration section */
		1804164E1F35AFE80031ED70 /* Debug */ = {
			isa = XCBuildConfiguration;
			buildSettings = {
				ALWAYS_SEARCH_USER_PATHS = NO;
				CLANG_ANALYZER_NONNULL = YES;
				CLANG_ANALYZER_NUMBER_OBJECT_CONVERSION = YES_AGGRESSIVE;
				CLANG_CXX_LANGUAGE_STANDARD = "gnu++0x";
				CLANG_CXX_LIBRARY = "libc++";
				CLANG_ENABLE_MODULES = YES;
				CLANG_ENABLE_OBJC_ARC = YES;
				CLANG_WARN_BOOL_CONVERSION = YES;
				CLANG_WARN_CONSTANT_CONVERSION = YES;
				CLANG_WARN_DIRECT_OBJC_ISA_USAGE = YES_ERROR;
				CLANG_WARN_DOCUMENTATION_COMMENTS = YES;
				CLANG_WARN_EMPTY_BODY = YES;
				CLANG_WARN_ENUM_CONVERSION = YES;
				CLANG_WARN_INFINITE_RECURSION = YES;
				CLANG_WARN_INT_CONVERSION = YES;
				CLANG_WARN_OBJC_ROOT_CLASS = YES_ERROR;
				CLANG_WARN_SUSPICIOUS_MOVE = YES;
				CLANG_WARN_UNREACHABLE_CODE = YES;
				CLANG_WARN__DUPLICATE_METHOD_MATCH = YES;
				"CODE_SIGN_IDENTITY[sdk=iphoneos*]" = "iPhone Developer";
				COPY_PHASE_STRIP = NO;
				DEBUG_INFORMATION_FORMAT = dwarf;
				ENABLE_STRICT_OBJC_MSGSEND = YES;
				ENABLE_TESTABILITY = YES;
				GCC_C_LANGUAGE_STANDARD = gnu99;
				GCC_DYNAMIC_NO_PIC = NO;
				GCC_NO_COMMON_BLOCKS = YES;
				GCC_OPTIMIZATION_LEVEL = 0;
				GCC_PREPROCESSOR_DEFINITIONS = (
					"DEBUG=1",
					"$(inherited)",
				);
				GCC_WARN_64_TO_32_BIT_CONVERSION = YES;
				GCC_WARN_ABOUT_RETURN_TYPE = YES_ERROR;
				GCC_WARN_UNDECLARED_SELECTOR = YES;
				GCC_WARN_UNINITIALIZED_AUTOS = YES_AGGRESSIVE;
				GCC_WARN_UNUSED_FUNCTION = YES;
				GCC_WARN_UNUSED_VARIABLE = YES;
				IPHONEOS_DEPLOYMENT_TARGET = 10.3;
				MTL_ENABLE_DEBUG_INFO = YES;
				ONLY_ACTIVE_ARCH = YES;
				SDKROOT = iphoneos;
				SWIFT_ACTIVE_COMPILATION_CONDITIONS = DEBUG;
				SWIFT_OPTIMIZATION_LEVEL = "-Onone";
			};
			name = Debug;
		};
		1804164F1F35AFE80031ED70 /* Release */ = {
			isa = XCBuildConfiguration;
			buildSettings = {
				ALWAYS_SEARCH_USER_PATHS = NO;
				CLANG_ANALYZER_NONNULL = YES;
				CLANG_ANALYZER_NUMBER_OBJECT_CONVERSION = YES_AGGRESSIVE;
				CLANG_CXX_LANGUAGE_STANDARD = "gnu++0x";
				CLANG_CXX_LIBRARY = "libc++";
				CLANG_ENABLE_MODULES = YES;
				CLANG_ENABLE_OBJC_ARC = YES;
				CLANG_WARN_BOOL_CONVERSION = YES;
				CLANG_WARN_CONSTANT_CONVERSION = YES;
				CLANG_WARN_DIRECT_OBJC_ISA_USAGE = YES_ERROR;
				CLANG_WARN_DOCUMENTATION_COMMENTS = YES;
				CLANG_WARN_EMPTY_BODY = YES;
				CLANG_WARN_ENUM_CONVERSION = YES;
				CLANG_WARN_INFINITE_RECURSION = YES;
				CLANG_WARN_INT_CONVERSION = YES;
				CLANG_WARN_OBJC_ROOT_CLASS = YES_ERROR;
				CLANG_WARN_SUSPICIOUS_MOVE = YES;
				CLANG_WARN_UNREACHABLE_CODE = YES;
				CLANG_WARN__DUPLICATE_METHOD_MATCH = YES;
				"CODE_SIGN_IDENTITY[sdk=iphoneos*]" = "iPhone Developer";
				COPY_PHASE_STRIP = NO;
				DEBUG_INFORMATION_FORMAT = "dwarf-with-dsym";
				ENABLE_NS_ASSERTIONS = NO;
				ENABLE_STRICT_OBJC_MSGSEND = YES;
				GCC_C_LANGUAGE_STANDARD = gnu99;
				GCC_NO_COMMON_BLOCKS = YES;
				GCC_WARN_64_TO_32_BIT_CONVERSION = YES;
				GCC_WARN_ABOUT_RETURN_TYPE = YES_ERROR;
				GCC_WARN_UNDECLARED_SELECTOR = YES;
				GCC_WARN_UNINITIALIZED_AUTOS = YES_AGGRESSIVE;
				GCC_WARN_UNUSED_FUNCTION = YES;
				GCC_WARN_UNUSED_VARIABLE = YES;
				IPHONEOS_DEPLOYMENT_TARGET = 10.3;
				MTL_ENABLE_DEBUG_INFO = NO;
				SDKROOT = iphoneos;
				SWIFT_OPTIMIZATION_LEVEL = "-Owholemodule";
				VALIDATE_PRODUCT = YES;
			};
			name = Release;
		};
		180416511F35AFE80031ED70 /* Debug */ = {
			isa = XCBuildConfiguration;
			buildSettings = {
				ASSETCATALOG_COMPILER_APPICON_NAME = AppIcon;
				DEVELOPMENT_TEAM = S4325F4YCU;
				INFOPLIST_FILE = kazatom/Info.plist;
				LD_RUNPATH_SEARCH_PATHS = "$(inherited) @executable_path/Frameworks";
				PRODUCT_BUNDLE_IDENTIFIER = com.ilyar.kazatom;
				PRODUCT_NAME = "$(TARGET_NAME)";
				SWIFT_VERSION = 3.0;
			};
			name = Debug;
		};
		180416521F35AFE80031ED70 /* Release */ = {
			isa = XCBuildConfiguration;
			buildSettings = {
				ASSETCATALOG_COMPILER_APPICON_NAME = AppIcon;
				DEVELOPMENT_TEAM = S4325F4YCU;
				INFOPLIST_FILE = kazatom/Info.plist;
				LD_RUNPATH_SEARCH_PATHS = "$(inherited) @executable_path/Frameworks";
				PRODUCT_BUNDLE_IDENTIFIER = com.ilyar.kazatom;
				PRODUCT_NAME = "$(TARGET_NAME)";
				SWIFT_VERSION = 3.0;
			};
			name = Release;
		};
/* End XCBuildConfiguration section */

/* Begin XCConfigurationList section */
		180416391F35AFE70031ED70 /* Build configuration list for PBXProject "kazatom" */ = {
			isa = XCConfigurationList;
			buildConfigurations = (
				1804164E1F35AFE80031ED70 /* Debug */,
				1804164F1F35AFE80031ED70 /* Release */,
			);
			defaultConfigurationIsVisible = 0;
			defaultConfigurationName = Release;
		};
		180416501F35AFE80031ED70 /* Build configuration list for PBXNativeTarget "kazatom" */ = {
			isa = XCConfigurationList;
			buildConfigurations = (
				180416511F35AFE80031ED70 /* Debug */,
				180416521F35AFE80031ED70 /* Release */,
			);
			defaultConfigurationIsVisible = 0;
			defaultConfigurationName = Release;
		};
/* End XCConfigurationList section */
	};
	rootObject = 180416361F35AFE70031ED70 /* Project object */;
}
